// !$*UTF8*$!
{
	archiveVersion = 1;
	classes = {
	};
	objectVersion = 46;
	objects = {

/* Begin PBXBuildFile section */
		852D880C1F6652CD0053759E /* Assets.xcassets in Resources */ = {isa = PBXBuildFile; fileRef = 852D88011F6652CD0053759E /* Assets.xcassets */; };
		852D880D1F6652CD0053759E /* AppDelegate.swift in Sources */ = {isa = PBXBuildFile; fileRef = 852D88031F6652CD0053759E /* AppDelegate.swift */; };
		852D880E1F6652CD0053759E /* LaunchScreen.storyboard in Resources */ = {isa = PBXBuildFile; fileRef = 852D88041F6652CD0053759E /* LaunchScreen.storyboard */; };
		852D880F1F6652CD0053759E /* Main.storyboard in Resources */ = {isa = PBXBuildFile; fileRef = 852D88061F6652CD0053759E /* Main.storyboard */; };
		852D88111F6652CD0053759E /* ViewController.swift in Sources */ = {isa = PBXBuildFile; fileRef = 852D88091F6652CD0053759E /* ViewController.swift */; };
		852D88121F6652CD0053759E /* 1.jpg in Resources */ = {isa = PBXBuildFile; fileRef = 852D880B1F6652CD0053759E /* 1.jpg */; };
		8539195E1F6777610003AC8B /* HUScrollController.swift in Sources */ = {isa = PBXBuildFile; fileRef = 8539195A1F6777610003AC8B /* HUScrollController.swift */; };
		853919611F6777810003AC8B /* HUScrollView.swift in Sources */ = {isa = PBXBuildFile; fileRef = 853919601F6777810003AC8B /* HUScrollView.swift */; };
		853919631F67782E0003AC8B /* HUExtensionTool.swift in Sources */ = {isa = PBXBuildFile; fileRef = 853919621F67782E0003AC8B /* HUExtensionTool.swift */; };
		855C28131F9EE7C6004DB118 /* HUUIProtocol.swift in Sources */ = {isa = PBXBuildFile; fileRef = 855C28121F9EE7C6004DB118 /* HUUIProtocol.swift */; };
		92D22D84FEA57EFF3AA91363 /* Pods_HUScrollView.framework in Frameworks */ = {isa = PBXBuildFile; fileRef = 8958E2AF08286AACAE699C25 /* Pods_HUScrollView.framework */; };
/* End PBXBuildFile section */

/* Begin PBXFileReference section */
		2B74D63F7C1F61F7B6A4A342 /* Pods-HUScrollView.release.xcconfig */ = {isa = PBXFileReference; includeInIndex = 1; lastKnownFileType = text.xcconfig; name = "Pods-HUScrollView.release.xcconfig"; path = "Pods/Target Support Files/Pods-HUScrollView/Pods-HUScrollView.release.xcconfig"; sourceTree = "<group>"; };
		852D88011F6652CD0053759E /* Assets.xcassets */ = {isa = PBXFileReference; lastKnownFileType = folder.assetcatalog; path = Assets.xcassets; sourceTree = "<group>"; };
		852D88031F6652CD0053759E /* AppDelegate.swift */ = {isa = PBXFileReference; fileEncoding = 4; lastKnownFileType = sourcecode.swift; path = AppDelegate.swift; sourceTree = "<group>"; };
		852D88051F6652CD0053759E /* Base */ = {isa = PBXFileReference; lastKnownFileType = file.storyboard; name = Base; path = Base.lproj/LaunchScreen.storyboard; sourceTree = "<group>"; };
		852D88071F6652CD0053759E /* Base */ = {isa = PBXFileReference; lastKnownFileType = file.storyboard; name = Base; path = Base.lproj/Main.storyboard; sourceTree = "<group>"; };
		852D88081F6652CD0053759E /* Info.plist */ = {isa = PBXFileReference; fileEncoding = 4; lastKnownFileType = text.plist.xml; path = Info.plist; sourceTree = "<group>"; };
		852D88091F6652CD0053759E /* ViewController.swift */ = {isa = PBXFileReference; fileEncoding = 4; lastKnownFileType = sourcecode.swift; path = ViewController.swift; sourceTree = "<group>"; };
		852D880B1F6652CD0053759E /* 1.jpg */ = {isa = PBXFileReference; lastKnownFileType = image.jpeg; path = 1.jpg; sourceTree = "<group>"; };
		8539195A1F6777610003AC8B /* HUScrollController.swift */ = {isa = PBXFileReference; fileEncoding = 4; lastKnownFileType = sourcecode.swift; path = HUScrollController.swift; sourceTree = "<group>"; };
		853919601F6777810003AC8B /* HUScrollView.swift */ = {isa = PBXFileReference; fileEncoding = 4; lastKnownFileType = sourcecode.swift; path = HUScrollView.swift; sourceTree = "<group>"; };
		853919621F67782E0003AC8B /* HUExtensionTool.swift */ = {isa = PBXFileReference; fileEncoding = 4; lastKnownFileType = sourcecode.swift; path = HUExtensionTool.swift; sourceTree = "<group>"; };
		855C28121F9EE7C6004DB118 /* HUUIProtocol.swift */ = {isa = PBXFileReference; lastKnownFileType = sourcecode.swift; path = HUUIProtocol.swift; sourceTree = "<group>"; };
		857DBF621F64EDA400EBCB97 /* HUScrollView.app */ = {isa = PBXFileReference; explicitFileType = wrapper.application; includeInIndex = 0; path = HUScrollView.app; sourceTree = BUILT_PRODUCTS_DIR; };
		8958E2AF08286AACAE699C25 /* Pods_HUScrollView.framework */ = {isa = PBXFileReference; explicitFileType = wrapper.framework; includeInIndex = 0; path = Pods_HUScrollView.framework; sourceTree = BUILT_PRODUCTS_DIR; };
		B0D0C7C450FA614F2C7C1B2B /* Pods-HUScrollView.debug.xcconfig */ = {isa = PBXFileReference; includeInIndex = 1; lastKnownFileType = text.xcconfig; name = "Pods-HUScrollView.debug.xcconfig"; path = "Pods/Target Support Files/Pods-HUScrollView/Pods-HUScrollView.debug.xcconfig"; sourceTree = "<group>"; };
/* End PBXFileReference section */

/* Begin PBXFrameworksBuildPhase section */
		857DBF5F1F64EDA400EBCB97 /* Frameworks */ = {
			isa = PBXFrameworksBuildPhase;
			buildActionMask = 2147483647;
			files = (
				92D22D84FEA57EFF3AA91363 /* Pods_HUScrollView.framework in Frameworks */,
			);
			runOnlyForDeploymentPostprocessing = 0;
		};
/* End PBXFrameworksBuildPhase section */

/* Begin PBXGroup section */
		852D88021F6652CD0053759E /* Other */ = {
			isa = PBXGroup;
			children = (
				852D88091F6652CD0053759E /* ViewController.swift */,
				852D88031F6652CD0053759E /* AppDelegate.swift */,
				852D88041F6652CD0053759E /* LaunchScreen.storyboard */,
				852D88061F6652CD0053759E /* Main.storyboard */,
				852D88081F6652CD0053759E /* Info.plist */,
			);
			path = Other;
			sourceTree = "<group>";
		};
		852D880A1F6652CD0053759E /* Resource */ = {
			isa = PBXGroup;
			children = (
				852D880B1F6652CD0053759E /* 1.jpg */,
			);
			path = Resource;
			sourceTree = "<group>";
		};
		852D88131F66533F0053759E /* ScrollView */ = {
			isa = PBXGroup;
			children = (
				855C28111F9EE739004DB118 /* Protocol */,
				853919591F6777610003AC8B /* Controller */,
				8539195B1F6777610003AC8B /* Tool */,
				8539195D1F6777610003AC8B /* View */,
			);
			path = ScrollView;
			sourceTree = "<group>";
		};
		853919591F6777610003AC8B /* Controller */ = {
			isa = PBXGroup;
			children = (
				8539195A1F6777610003AC8B /* HUScrollController.swift */,
			);
			path = Controller;
			sourceTree = "<group>";
		};
		8539195B1F6777610003AC8B /* Tool */ = {
			isa = PBXGroup;
			children = (
				853919621F67782E0003AC8B /* HUExtensionTool.swift */,
			);
			path = Tool;
			sourceTree = "<group>";
		};
		8539195D1F6777610003AC8B /* View */ = {
			isa = PBXGroup;
			children = (
				853919601F6777810003AC8B /* HUScrollView.swift */,
			);
			path = View;
			sourceTree = "<group>";
		};
		855C28111F9EE739004DB118 /* Protocol */ = {
			isa = PBXGroup;
			children = (
				855C28121F9EE7C6004DB118 /* HUUIProtocol.swift */,
			);
			path = Protocol;
			sourceTree = "<group>";
		};
		857DBF591F64EDA400EBCB97 = {
			isa = PBXGroup;
			children = (
				857DBF641F64EDA400EBCB97 /* HUScrollView */,
				857DBF631F64EDA400EBCB97 /* Products */,
				9EE9FC7E870AF0022584D4C7 /* Pods */,
				D9294AACB9C85496AC8EC100 /* Frameworks */,
			);
			sourceTree = "<group>";
		};
		857DBF631F64EDA400EBCB97 /* Products */ = {
			isa = PBXGroup;
			children = (
				857DBF621F64EDA400EBCB97 /* HUScrollView.app */,
			);
			name = Products;
			sourceTree = "<group>";
		};
		857DBF641F64EDA400EBCB97 /* HUScrollView */ = {
			isa = PBXGroup;
			children = (
				852D88131F66533F0053759E /* ScrollView */,
				852D88021F6652CD0053759E /* Other */,
				852D880A1F6652CD0053759E /* Resource */,
				852D88011F6652CD0053759E /* Assets.xcassets */,
			);
			path = HUScrollView;
			sourceTree = "<group>";
		};
		9EE9FC7E870AF0022584D4C7 /* Pods */ = {
			isa = PBXGroup;
			children = (
				B0D0C7C450FA614F2C7C1B2B /* Pods-HUScrollView.debug.xcconfig */,
				2B74D63F7C1F61F7B6A4A342 /* Pods-HUScrollView.release.xcconfig */,
			);
			name = Pods;
			sourceTree = "<group>";
		};
		D9294AACB9C85496AC8EC100 /* Frameworks */ = {
			isa = PBXGroup;
			children = (
				8958E2AF08286AACAE699C25 /* Pods_HUScrollView.framework */,
			);
			name = Frameworks;
			sourceTree = "<group>";
		};
/* End PBXGroup section */

/* Begin PBXNativeTarget section */
		857DBF611F64EDA400EBCB97 /* HUScrollView */ = {
			isa = PBXNativeTarget;
			buildConfigurationList = 857DBF741F64EDA400EBCB97 /* Build configuration list for PBXNativeTarget "HUScrollView" */;
			buildPhases = (
				D82F68E0154852FB967E05AF /* [CP] Check Pods Manifest.lock */,
				857DBF5E1F64EDA400EBCB97 /* Sources */,
				857DBF5F1F64EDA400EBCB97 /* Frameworks */,
				857DBF601F64EDA400EBCB97 /* Resources */,
				8F114C35DD14B57C2912B3EE /* [CP] Embed Pods Frameworks */,
				55E7ADCB0886952DC2E4379C /* [CP] Copy Pods Resources */,
			);
			buildRules = (
			);
			dependencies = (
			);
			name = HUScrollView;
			productName = HUScrollView;
			productReference = 857DBF621F64EDA400EBCB97 /* HUScrollView.app */;
			productType = "com.apple.product-type.application";
		};
/* End PBXNativeTarget section */

/* Begin PBXProject section */
		857DBF5A1F64EDA400EBCB97 /* Project object */ = {
			isa = PBXProject;
			attributes = {
				LastSwiftUpdateCheck = 0830;
				LastUpgradeCheck = 0900;
				ORGANIZATIONNAME = "胡佳文";
				TargetAttributes = {
					857DBF611F64EDA400EBCB97 = {
						CreatedOnToolsVersion = 8.3.3;
						DevelopmentTeam = 4EAX79Y925;
						ProvisioningStyle = Automatic;
					};
				};
			};
			buildConfigurationList = 857DBF5D1F64EDA400EBCB97 /* Build configuration list for PBXProject "HUScrollView" */;
			compatibilityVersion = "Xcode 3.2";
			developmentRegion = English;
			hasScannedForEncodings = 0;
			knownRegions = (
				en,
				Base,
			);
			mainGroup = 857DBF591F64EDA400EBCB97;
			productRefGroup = 857DBF631F64EDA400EBCB97 /* Products */;
			projectDirPath = "";
			projectRoot = "";
			targets = (
				857DBF611F64EDA400EBCB97 /* HUScrollView */,
			);
		};
/* End PBXProject section */

/* Begin PBXResourcesBuildPhase section */
		857DBF601F64EDA400EBCB97 /* Resources */ = {
			isa = PBXResourcesBuildPhase;
			buildActionMask = 2147483647;
			files = (
				852D880F1F6652CD0053759E /* Main.storyboard in Resources */,
				852D880C1F6652CD0053759E /* Assets.xcassets in Resources */,
				852D880E1F6652CD0053759E /* LaunchScreen.storyboard in Resources */,
				852D88121F6652CD0053759E /* 1.jpg in Resources */,
			);
			runOnlyForDeploymentPostprocessing = 0;
		};
/* End PBXResourcesBuildPhase section */

/* Begin PBXShellScriptBuildPhase section */
		55E7ADCB0886952DC2E4379C /* [CP] Copy Pods Resources */ = {
			isa = PBXShellScriptBuildPhase;
			buildActionMask = 2147483647;
			files = (
			);
			inputPaths = (
			);
			name = "[CP] Copy Pods Resources";
			outputPaths = (
			);
			runOnlyForDeploymentPostprocessing = 0;
			shellPath = /bin/sh;
			shellScript = "\"${SRCROOT}/Pods/Target Support Files/Pods-HUScrollView/Pods-HUScrollView-resources.sh\"\n";
			showEnvVarsInLog = 0;
		};
		8F114C35DD14B57C2912B3EE /* [CP] Embed Pods Frameworks */ = {
			isa = PBXShellScriptBuildPhase;
			buildActionMask = 2147483647;
			files = (
			);
			inputPaths = (
				"${SRCROOT}/Pods/Target Support Files/Pods-HUScrollView/Pods-HUScrollView-frameworks.sh",
				"${BUILT_PRODUCTS_DIR}/RxCocoa/RxCocoa.framework",
				"${BUILT_PRODUCTS_DIR}/RxSwift/RxSwift.framework",
				"${BUILT_PRODUCTS_DIR}/SnapKit/SnapKit.framework",
				"${BUILT_PRODUCTS_DIR}/pop/pop.framework",
			);
			name = "[CP] Embed Pods Frameworks";
			outputPaths = (
				"${TARGET_BUILD_DIR}/${FRAMEWORKS_FOLDER_PATH}/RxCocoa.framework",
				"${TARGET_BUILD_DIR}/${FRAMEWORKS_FOLDER_PATH}/RxSwift.framework",
				"${TARGET_BUILD_DIR}/${FRAMEWORKS_FOLDER_PATH}/SnapKit.framework",
				"${TARGET_BUILD_DIR}/${FRAMEWORKS_FOLDER_PATH}/pop.framework",
			);
			runOnlyForDeploymentPostprocessing = 0;
			shellPath = /bin/sh;
			shellScript = "\"${SRCROOT}/Pods/Target Support Files/Pods-HUScrollView/Pods-HUScrollView-frameworks.sh\"\n";
			showEnvVarsInLog = 0;
		};
		D82F68E0154852FB967E05AF /* [CP] Check Pods Manifest.lock */ = {
			isa = PBXShellScriptBuildPhase;
			buildActionMask = 2147483647;
			files = (
			);
			inputPaths = (
				"${PODS_PODFILE_DIR_PATH}/Podfile.lock",
				"${PODS_ROOT}/Manifest.lock",
			);
			name = "[CP] Check Pods Manifest.lock";
			outputPaths = (
				"$(DERIVED_FILE_DIR)/Pods-HUScrollView-checkManifestLockResult.txt",
			);
			runOnlyForDeploymentPostprocessing = 0;
			shellPath = /bin/sh;
			shellScript = "diff \"${PODS_PODFILE_DIR_PATH}/Podfile.lock\" \"${PODS_ROOT}/Manifest.lock\" > /dev/null\nif [ $? != 0 ] ; then\n    # print error to STDERR\n    echo \"error: The sandbox is not in sync with the Podfile.lock. Run 'pod install' or update your CocoaPods installation.\" >&2\n    exit 1\nfi\n# This output is used by Xcode 'outputs' to avoid re-running this script phase.\necho \"SUCCESS\" > \"${SCRIPT_OUTPUT_FILE_0}\"\n";
			showEnvVarsInLog = 0;
		};
/* End PBXShellScriptBuildPhase section */

/* Begin PBXSourcesBuildPhase section */
		857DBF5E1F64EDA400EBCB97 /* Sources */ = {
			isa = PBXSourcesBuildPhase;
			buildActionMask = 2147483647;
			files = (
				855C28131F9EE7C6004DB118 /* HUUIProtocol.swift in Sources */,
				853919631F67782E0003AC8B /* HUExtensionTool.swift in Sources */,
				853919611F6777810003AC8B /* HUScrollView.swift in Sources */,
				852D88111F6652CD0053759E /* ViewController.swift in Sources */,
				852D880D1F6652CD0053759E /* AppDelegate.swift in Sources */,
				8539195E1F6777610003AC8B /* HUScrollController.swift in Sources */,
			);
			runOnlyForDeploymentPostprocessing = 0;
		};
/* End PBXSourcesBuildPhase section */

/* Begin PBXVariantGroup section */
		852D88041F6652CD0053759E /* LaunchScreen.storyboard */ = {
			isa = PBXVariantGroup;
			children = (
				852D88051F6652CD0053759E /* Base */,
			);
			name = LaunchScreen.storyboard;
			sourceTree = "<group>";
		};
		852D88061F6652CD0053759E /* Main.storyboard */ = {
			isa = PBXVariantGroup;
			children = (
				852D88071F6652CD0053759E /* Base */,
			);
			name = Main.storyboard;
			sourceTree = "<group>";
		};
/* End PBXVariantGroup section */

/* Begin XCBuildConfiguration section */
		857DBF721F64EDA400EBCB97 /* Debug */ = {
			isa = XCBuildConfiguration;
			buildSettings = {
				ALWAYS_SEARCH_USER_PATHS = NO;
				CLANG_ANALYZER_NONNULL = YES;
				CLANG_ANALYZER_NUMBER_OBJECT_CONVERSION = YES_AGGRESSIVE;
				CLANG_CXX_LANGUAGE_STANDARD = "gnu++0x";
				CLANG_CXX_LIBRARY = "libc++";
				CLANG_ENABLE_MODULES = YES;
				CLANG_ENABLE_OBJC_ARC = YES;
				CLANG_WARN_BLOCK_CAPTURE_AUTORELEASING = YES;
				CLANG_WARN_BOOL_CONVERSION = YES;
				CLANG_WARN_COMMA = YES;
				CLANG_WARN_CONSTANT_CONVERSION = YES;
				CLANG_WARN_DIRECT_OBJC_ISA_USAGE = YES_ERROR;
				CLANG_WARN_DOCUMENTATION_COMMENTS = YES;
				CLANG_WARN_EMPTY_BODY = YES;
				CLANG_WARN_ENUM_CONVERSION = YES;
				CLANG_WARN_INFINITE_RECURSION = YES;
				CLANG_WARN_INT_CONVERSION = YES;
				CLANG_WARN_NON_LITERAL_NULL_CONVERSION = YES;
				CLANG_WARN_OBJC_LITERAL_CONVERSION = YES;
				CLANG_WARN_OBJC_ROOT_CLASS = YES_ERROR;
				CLANG_WARN_RANGE_LOOP_ANALYSIS = YES;
				CLANG_WARN_STRICT_PROTOTYPES = YES;
				CLANG_WARN_SUSPICIOUS_MOVE = YES;
				CLANG_WARN_UNREACHABLE_CODE = YES;
				CLANG_WARN__DUPLICATE_METHOD_MATCH = YES;
				"CODE_SIGN_IDENTITY[sdk=iphoneos*]" = "iPhone Developer";
				COPY_PHASE_STRIP = NO;
				DEBUG_INFORMATION_FORMAT = dwarf;
				ENABLE_STRICT_OBJC_MSGSEND = YES;
				ENABLE_TESTABILITY = YES;
				GCC_C_LANGUAGE_STANDARD = gnu99;
				GCC_DYNAMIC_NO_PIC = NO;
				GCC_NO_COMMON_BLOCKS = YES;
				GCC_OPTIMIZATION_LEVEL = 0;
				GCC_PREPROCESSOR_DEFINITIONS = (
					"DEBUG=1",
					"$(inherited)",
				);
				GCC_WARN_64_TO_32_BIT_CONVERSION = YES;
				GCC_WARN_ABOUT_RETURN_TYPE = YES_ERROR;
				GCC_WARN_UNDECLARED_SELECTOR = YES;
				GCC_WARN_UNINITIALIZED_AUTOS = YES_AGGRESSIVE;
				GCC_WARN_UNUSED_FUNCTION = YES;
				GCC_WARN_UNUSED_VARIABLE = YES;
				IPHONEOS_DEPLOYMENT_TARGET = 10.3;
				MTL_ENABLE_DEBUG_INFO = YES;
				ONLY_ACTIVE_ARCH = YES;
				SDKROOT = iphoneos;
				SWIFT_ACTIVE_COMPILATION_CONDITIONS = DEBUG;
				SWIFT_OPTIMIZATION_LEVEL = "-Onone";
			};
			name = Debug;
		};
		857DBF731F64EDA400EBCB97 /* Release */ = {
			isa = XCBuildConfiguration;
			buildSettings = {
				ALWAYS_SEARCH_USER_PATHS = NO;
				CLANG_ANALYZER_NONNULL = YES;
				CLANG_ANALYZER_NUMBER_OBJECT_CONVERSION = YES_AGGRESSIVE;
				CLANG_CXX_LANGUAGE_STANDARD = "gnu++0x";
				CLANG_CXX_LIBRARY = "libc++";
				CLANG_ENABLE_MODULES = YES;
				CLANG_ENABLE_OBJC_ARC = YES;
				CLANG_WARN_BLOCK_CAPTURE_AUTORELEASING = YES;
				CLANG_WARN_BOOL_CONVERSION = YES;
				CLANG_WARN_COMMA = YES;
				CLANG_WARN_CONSTANT_CONVERSION = YES;
				CLANG_WARN_DIRECT_OBJC_ISA_USAGE = YES_ERROR;
				CLANG_WARN_DOCUMENTATION_COMMENTS = YES;
				CLANG_WARN_EMPTY_BODY = YES;
				CLANG_WARN_ENUM_CONVERSION = YES;
				CLANG_WARN_INFINITE_RECURSION = YES;
				CLANG_WARN_INT_CONVERSION = YES;
				CLANG_WARN_NON_LITERAL_NULL_CONVERSION = YES;
				CLANG_WARN_OBJC_LITERAL_CONVERSION = YES;
				CLANG_WARN_OBJC_ROOT_CLASS = YES_ERROR;
				CLANG_WARN_RANGE_LOOP_ANALYSIS = YES;
				CLANG_WARN_STRICT_PROTOTYPES = YES;
				CLANG_WARN_SUSPICIOUS_MOVE = YES;
				CLANG_WARN_UNREACHABLE_CODE = YES;
				CLANG_WARN__DUPLICATE_METHOD_MATCH = YES;
				"CODE_SIGN_IDENTITY[sdk=iphoneos*]" = "iPhone Developer";
				COPY_PHASE_STRIP = NO;
				DEBUG_INFORMATION_FORMAT = "dwarf-with-dsym";
				ENABLE_NS_ASSERTIONS = NO;
				ENABLE_STRICT_OBJC_MSGSEND = YES;
				GCC_C_LANGUAGE_STANDARD = gnu99;
				GCC_NO_COMMON_BLOCKS = YES;
				GCC_WARN_64_TO_32_BIT_CONVERSION = YES;
				GCC_WARN_ABOUT_RETURN_TYPE = YES_ERROR;
				GCC_WARN_UNDECLARED_SELECTOR = YES;
				GCC_WARN_UNINITIALIZED_AUTOS = YES_AGGRESSIVE;
				GCC_WARN_UNUSED_FUNCTION = YES;
				GCC_WARN_UNUSED_VARIABLE = YES;
				IPHONEOS_DEPLOYMENT_TARGET = 10.3;
				MTL_ENABLE_DEBUG_INFO = NO;
				SDKROOT = iphoneos;
				SWIFT_OPTIMIZATION_LEVEL = "-Owholemodule";
				VALIDATE_PRODUCT = YES;
			};
			name = Release;
		};
		857DBF751F64EDA400EBCB97 /* Debug */ = {
			isa = XCBuildConfiguration;
			baseConfigurationReference = B0D0C7C450FA614F2C7C1B2B /* Pods-HUScrollView.debug.xcconfig */;
			buildSettings = {
				ASSETCATALOG_COMPILER_APPICON_NAME = AppIcon;
				"CODE_SIGN_IDENTITY[sdk=iphoneos*]" = "iPhone Developer";
				DEVELOPMENT_TEAM = 4EAX79Y925;
				GCC_VERSION = "";
				INFOPLIST_FILE = "$(SRCROOT)/HUScrollView/Other/Info.plist";
				IPHONEOS_DEPLOYMENT_TARGET = 9.0;
				LD_RUNPATH_SEARCH_PATHS = "$(inherited) @executable_path/Frameworks";
				PRODUCT_BUNDLE_IDENTIFIER = com.swift.hu.HUScrollView;
				PRODUCT_NAME = "$(TARGET_NAME)";
				PROVISIONING_PROFILE_SPECIFIER = "";
				SWIFT_VERSION = 4.0;
			};
			name = Debug;
		};
		857DBF761F64EDA400EBCB97 /* Release */ = {
			isa = XCBuildConfiguration;
			baseConfigurationReference = 2B74D63F7C1F61F7B6A4A342 /* Pods-HUScrollView.release.xcconfig */;
			buildSettings = {
				ASSETCATALOG_COMPILER_APPICON_NAME = AppIcon;
				"CODE_SIGN_IDENTITY[sdk=iphoneos*]" = "iPhone Developer";
				DEVELOPMENT_TEAM = 4EAX79Y925;
				GCC_VERSION = "";
				INFOPLIST_FILE = "$(SRCROOT)/HUScrollView/Other/Info.plist";
				IPHONEOS_DEPLOYMENT_TARGET = 9.0;
				LD_RUNPATH_SEARCH_PATHS = "$(inherited) @executable_path/Frameworks";
				PRODUCT_BUNDLE_IDENTIFIER = com.swift.hu.HUScrollView;
				PRODUCT_NAME = "$(TARGET_NAME)";
				PROVISIONING_PROFILE_SPECIFIER = "";
				SWIFT_VERSION = 4.0;
			};
			name = Release;
		};
/* End XCBuildConfiguration section */

/* Begin XCConfigurationList section */
		857DBF5D1F64EDA400EBCB97 /* Build configuration list for PBXProject "HUScrollView" */ = {
			isa = XCConfigurationList;
			buildConfigurations = (
				857DBF721F64EDA400EBCB97 /* Debug */,
				857DBF731F64EDA400EBCB97 /* Release */,
			);
			defaultConfigurationIsVisible = 0;
			defaultConfigurationName = Debug;
		};
		857DBF741F64EDA400EBCB97 /* Build configuration list for PBXNativeTarget "HUScrollView" */ = {
			isa = XCConfigurationList;
			buildConfigurations = (
				857DBF751F64EDA400EBCB97 /* Debug */,
				857DBF761F64EDA400EBCB97 /* Release */,
			);
			defaultConfigurationIsVisible = 0;
			defaultConfigurationName = Debug;
		};
/* End XCConfigurationList section */
	};
	rootObject = 857DBF5A1F64EDA400EBCB97 /* Project object */;
}
