PODS:
  - pop (1.0.10)
  - Reveal-iOS-SDK (1.6.2)
  - RxCocoa (3.5.0):
    - RxSwift (~> 3.4)
  - RxSwift (3.5.0)
  - SnapKit (3.2.0)

DEPENDENCIES:
  - pop (~> 1.0.10)
  - Reveal-iOS-SDK (~> 1.6.2)
  - RxCocoa
  - RxSwift
  - SnapKit

SPEC CHECKSUMS:
  pop: 82ca6b068ce9278fd350fd9dd09482a0ce9492e6
  Reveal-iOS-SDK: e2250b3c155bcfac53ae223ddc1f76d08f206c33
  RxCocoa: a0a09f45d0e5b48ecb6a4a7b4b4c89c88d3f633f
  RxSwift: 18ee9d78b45edb3b0b7e79916b47a116e6dbc842
  SnapKit: 1ca44df72cfa543218d177cb8aab029d10d86ea7

PODFILE CHECKSUM: 19512ebe14a7c95445048cab61a26461b15965ce

COCOAPODS: 1.2.1.beta.1
